{
  "lockfile_version": "1",
  "packages": {
    "bundler@latest": {
      "last_modified": "2026-08-12T11:28:58Z",
      "resolved": "github:NixOS/nixpkgs/044bfe75bfe4c7bbe043dc17b5e42ea823b84a09#bundler",
      "source": "devbox-search",
      "version": "2.7.2",
      "systems": {
        "aarch64-darwin": {
          "outputs": [
            {
              "name": "out",
              "path": "/nix/store/s844xfl2n6r644c1m3hpzcx107q65vz0-bundler-2.7.2",
              "default": true
            }
          ],
          "store_path": "/nix/store/s844xfl2n6r644c1m3hpzcx107q65vz0-bundler-2.7.2"
        },
        "aarch64-linux": {
          "outputs": [
            {
              "name": "out",
              "path": "/nix/store/5bj38a69000gpl674psk4jx0mywzi2qb-bundler-2.7.2",
              "default": true
            }
          ],
          "store_path": "/nix/store/5bj38a69000gpl674psk4jx0mywzi2qb-bundler-2.7.2"
        },
        "x86_64-darwin": {
          "outputs": [
            {
              "name": "out",
              "path": "/nix/store/ww85ffrswh2lmmg7fi7jngx34mg5hp5v-bundler-2.7.2",
              "default": true
            }
          ],
          "store_path": "/nix/store/ww85ffrswh2lmmg7fi7jngx34mg5hp5v-bundler-2.7.2"
        },
        "x86_64-linux": {
          "outputs": [
            {
              "name": "out",
              "path": "/nix/store/glz5j1lnawf12khgkp694pd5szpss7z1-bundler-2.7.2",
              "default": true
            }
          ],
          "store_path": "/nix/store/glz5j1lnawf12khgkp694pd5szpss7z1-bundler-2.7.2"
        }
      }
    },
    "git@latest": {
      "last_modified": "2026-08-12T11:28:58Z",
      "resolved": "github:NixOS/nixpkgs/044bfe75bfe4c7bbe043dc17b5e42ea823b84a09#git",
      "source": "devbox-search",
      "version": "2.55.0",
      "systems": {
        "aarch64-darwin": {
          "outputs": [
            {
              "name": "out",
              "path": "/nix/store/hiw6ii978dc8s153v60fzy6myzqxymm7-git-2.55.0",
              "default": true
            },
            {
              "name": "doc",
              "path": "/nix/store/181ykp1mvmh07rq1sqfss8n7s1sc3mlm-git-2.55.0-doc"
            }
          ],
          "store_path": "/nix/store/hiw6ii978dc8s153v60fzy6myzqxymm7-git-2.55.0"
        },
        "aarch64-linux": {
          "outputs": [
            {
              "name": "out",
              "path": "/nix/store/q3pvpkn0qmin7x572p3z32hxz9yny73i-git-2.55.0",
              "default": true
            },
            {
              "name": "debug",
              "path": "/nix/store/5rjalzcb929d9qrxp8v6xxz99vfhmxhn-git-2.55.0-debug"
            },
            {
              "name": "doc",
              "path": "/nix/store/jbfpbknl5qh0cm5zg48gxgb6fzhwvq04-git-2.55.0-doc"
            }
          ],
          "store_path": "/nix/store/q3pvpkn0qmin7x572p3z32hxz9yny73i-git-2.55.0"
        },
        "x86_64-linux": {
          "outputs": [
            {
              "name": "out",
              "path": "/nix/store/8wxs6573l730vxkqd6wp58kvxa19csll-git-2.55.0",
              "default": true
            },
            {
              "name": "debug",
              "path": "/nix/store/3zxdc75ib758dwba0afaj63d33w6z42w-git-2.55.0-debug"
            },
            {
              "name": "doc",
              "path": "/nix/store/h1dp7wlh1saz2d77ajpdpbms1fn56ih8-git-2.55.0-doc"
            }
          ],
          "store_path": "/nix/store/8wxs6573l730vxkqd6wp58kvxa19csll-git-2.55.0"
        }
      }
    },
    "github:NixOS/nixpkgs/nixpkgs-unstable": {
      "last_modified": "2026-08-19T03:50:13Z",
      "resolved": "github:NixOS/nixpkgs/afe3d8ac4395617bdcdac9f188ac8717a062e014?lastModified=1787111413&narHash=sha256-sFosWtq21eHGJRnTc%2Fhvf4M1obRgLEUMNm%2FIzllkHMA%3D"
    },
    "libffi@latest": {
      "last_modified": "2026-08-17T10:51:46Z",
      "resolved": "github:NixOS/nixpkgs/f4b6996c4e8b9ee06ce147ec344c885f51071b14#libffi",
      "source": "devbox-search",
      "version": "3.7.1",
      "systems": {
        "aarch64-linux": {
          "outputs": [
            {
              "name": "out",
              "path": "/nix/store/mhpnggd19hisq1zsjzhb7pch08f7bix6-libffi-3.7.1",
              "default": true
            },
            {
              "name": "man",
              "path": "/nix/store/sxkwvv5i0ccj8lhxahb5i4ycs1bzrrkr-libffi-3.7.1-man",
              "default": true
            },
            {
              "name": "dev",
              "path": "/nix/store/4arh69nm7q14c3winf8dv7s7v0nvdcqi-libffi-3.7.1-dev"
            },
            {
              "name": "info",
              "path": "/nix/store/hnhbqxr0dxrxlizgq10cvpi7v899y72m-libffi-3.7.1-info"
            }
          ],
          "store_path": "/nix/store/mhpnggd19hisq1zsjzhb7pch08f7bix6-libffi-3.7.1"
        },
        "x86_64-linux": {
          "outputs": [
            {
              "name": "out",
              "path": "/nix/store/wflv43s0i42ysmjvw1hiw4vdiidfzwnn-libffi-3.7.1",
              "default": true
            },
            {
              "name": "man",
              "path": "/nix/store/i8d9rp5akd1jpsvvqa9awfqax9410855-libffi-3.7.1-man",
              "default": true
            },
            {
              "name": "dev",
              "path": "/nix/store/bhh5m17f4g1pzdkblm93kp09wwbwxgm0-libffi-3.7.1-dev"
            },
            {
              "name": "info",
              "path": "/nix/store/x6hkvnd5rrnvw1yd13q2crsjgq21a58n-libffi-3.7.1-info"
            }
          ],
          "store_path": "/nix/store/wflv43s0i42ysmjvw1hiw4vdiidfzwnn-libffi-3.7.1"
        }
      }
    },
    "libyaml@latest": {
      "last_modified": "2026-08-12T11:28:58Z",
      "resolved": "github:NixOS/nixpkgs/044bfe75bfe4c7bbe043dc17b5e42ea823b84a09#libyaml",
      "source": "devbox-search",
      "version": "0.2.5",
      "systems": {
        "aarch64-darwin": {
          "outputs": [
            {
              "name": "out",
              "path": "/nix/store/481q77mzwsyi4rv6kr7njclj1pnv8rxm-libyaml-0.2.5",
              "default": true
            },
            {
              "name": "dev",
              "path": "/nix/store/ikwgca0w579gqakgab4gshlzrj32kpnr-libyaml-0.2.5-dev"
            }
          ],
          "store_path": "/nix/store/481q77mzwsyi4rv6kr7njclj1pnv8rxm-libyaml-0.2.5"
        },
        "aarch64-linux": {
          "outputs": [
            {
              "name": "out",
              "path": "/nix/store/m0ds0h4z5qhwdqmrkqvpchasmji25v3p-libyaml-0.2.5",
              "default": true
            },
            {
              "name": "dev",
              "path": "/nix/store/dkbq4hwmma4dd47gcp01adc84flgpxzi-libyaml-0.2.5-dev"
            }
          ],
          "store_path": "/nix/store/m0ds0h4z5qhwdqmrkqvpchasmji25v3p-libyaml-0.2.5"
        },
        "x86_64-darwin": {
          "outputs": [
            {
              "name": "out",
              "path": "/nix/store/gqx9d651w63222g2yv1d6a8z9q6hvazc-libyaml-0.2.5",
              "default": true
            },
            {
              "name": "dev",
              "path": "/nix/store/9w0qcawjm307yzywm38lb0xd02z9z8p9-libyaml-0.2.5-dev"
            }
          ],
          "store_path": "/nix/store/gqx9d651w63222g2yv1d6a8z9q6hvazc-libyaml-0.2.5"
        },
        "x86_64-linux": {
          "outputs": [
            {
              "name": "out",
              "path": "/nix/store/4x8kka08imz5lxi9qjzf7gipv2cws4wq-libyaml-0.2.5",
              "default": true
            },
            {
              "name": "dev",
              "path": "/nix/store/skmvbzmzdd7fqgmsw72vnmfdj0ij6gdr-libyaml-0.2.5-dev"
            }
          ],
          "store_path": "/nix/store/4x8kka08imz5lxi9qjzf7gipv2cws4wq-libyaml-0.2.5"
        }
      }
    },
    "nodejs@26.7.0": {
      "last_modified": "2026-08-14T06:48:10Z",
      "plugin_version": "0.0.4",
      "resolved": "github:NixOS/nixpkgs/f2b17eb1b90f6a359082035b4538d4c63017aec3#nodejs_26",
      "source": "devbox-search",
      "version": "26.7.0",
      "systems": {
        "aarch64-darwin": {
          "outputs": [
            {
              "name": "out",
              "path": "/nix/store/iyhz8slnbv3m4gmi81gszbm7bybf4ycp-nodejs-26.7.0",
              "default": true
            }
          ],
          "store_path": "/nix/store/iyhz8slnbv3m4gmi81gszbm7bybf4ycp-nodejs-26.7.0"
        },
        "aarch64-linux": {
          "outputs": [
            {
              "name": "out",
              "path": "/nix/store/lz52yimavl1lhjwlyfdyr9vlymdmp95q-nodejs-26.7.0",
              "default": true
            }
          ],
          "store_path": "/nix/store/lz52yimavl1lhjwlyfdyr9vlymdmp95q-nodejs-26.7.0"
        },
        "x86_64-linux": {
          "outputs": [
            {
              "name": "out",
              "path": "/nix/store/33911477n31np6m43lgp8ckpbn7nc85g-nodejs-26.7.0",
              "default": true
            }
          ],
          "store_path": "/nix/store/33911477n31np6m43lgp8ckpbn7nc85g-nodejs-26.7.0"
        }
      }
    },
    "openssh@latest": {
      "last_modified": "2026-08-12T11:28:58Z",
      "resolved": "github:NixOS/nixpkgs/044bfe75bfe4c7bbe043dc17b5e42ea823b84a09#openssh",
      "source": "devbox-search",
      "version": "10.4p1",
      "systems": {
        "aarch64-darwin": {
          "outputs": [
            {
              "name": "out",
              "path": "/nix/store/krz1mkiwcwi81rbyvyrhy91az3ys9imw-openssh-10.4p1",
              "default": true
            },
            {
              "name": "man",
              "path": "/nix/store/agwk46y6rkyv2vl39ly7b9fa6q34dn6w-openssh-10.4p1-man",
              "default": true
            },
            {
              "name": "dev",
              "path": "/nix/store/r106n5viqks00sryw4x9sl0ays00clr0-openssh-10.4p1-dev"
            }
          ],
          "store_path": "/nix/store/krz1mkiwcwi81rbyvyrhy91az3ys9imw-openssh-10.4p1"
        },
        "aarch64-linux": {
          "outputs": [
            {
              "name": "out",
              "path": "/nix/store/kixk1mr76j61mpgvmsa84k8mmji0b2lw-openssh-10.4p1",
              "default": true
            },
            {
              "name": "man",
              "path": "/nix/store/2jz71bbqyl51vwjqbn22yz0hn24pd6b5-openssh-10.4p1-man",
              "default": true
            },
            {
              "name": "dev",
              "path": "/nix/store/ilcl09cqnc2lppvb6v4mjyc23i5cbg4x-openssh-10.4p1-dev"
            }
          ],
          "store_path": "/nix/store/kixk1mr76j61mpgvmsa84k8mmji0b2lw-openssh-10.4p1"
        },
        "x86_64-linux": {
          "outputs": [
            {
              "name": "out",
              "path": "/nix/store/2gpyjkhxkzhrih3vzzv1vyddx8ac1fan-openssh-10.4p1",
              "default": true
            },
            {
              "name": "man",
              "path": "/nix/store/8a3sasxrpl5892sj9f5qxp8qxqd9vvwq-openssh-10.4p1-man",
              "default": true
            },
            {
              "name": "dev",
              "path": "/nix/store/0vkzdy5hp6v4b5rb5cggz7jij23ddbbr-openssh-10.4p1-dev"
            }
          ],
          "store_path": "/nix/store/2gpyjkhxkzhrih3vzzv1vyddx8ac1fan-openssh-10.4p1"
        }
      }
    },
    "openssl@latest": {
      "last_modified": "2025-12-05T06:24:47Z",
      "resolved": "github:NixOS/nixpkgs/42e29df35be6ef54091d3a3b4e97056ce0a98ce8#openssl",
      "source": "devbox-search",
      "version": "3.6.0",
      "systems": {
        "aarch64-darwin": {
          "outputs": [
            {
              "name": "bin",
              "path": "/nix/store/z9prisxci5h5lsk3rdknd4jzq7k9q13d-openssl-3.6.0-bin",
              "default": true
            },
            {
              "name": "man",
              "path": "/nix/store/ii9mnzr3i92mgk9dkgg65739mavd0j6f-openssl-3.6.0-man",
              "default": true
            },
            {
              "name": "dev",
              "path": "/nix/store/h0qgqik0mk0wn7rmm2kk3grfi1wzly74-openssl-3.6.0-dev"
            },
            {
              "name": "doc",
              "path": "/nix/store/yx3ip21fdaaxpjn5fbir02mqnaw9cm4f-openssl-3.6.0-doc"
            },
            {
              "name": "out",
              "path": "/nix/store/3z54dgks2mz3dhwddj158sdibll8xmq5-openssl-3.6.0"
            }
          ],
          "store_path": "/nix/store/z9prisxci5h5lsk3rdknd4jzq7k9q13d-openssl-3.6.0-bin"
        },
        "aarch64-linux": {
          "outputs": [
            {
              "name": "bin",
              "path": "/nix/store/wb6q44n9kcb5acmaa4rgqsajadx1fhhl-openssl-3.6.0-bin",
              "default": true
            },
            {
              "name": "man",
              "path": "/nix/store/c9n1alb7ypzjvzd47m16fiwfczz23qs3-openssl-3.6.0-man",
              "default": true
            },
            {
              "name": "debug",
              "path": "/nix/store/ci6d4k1sj4bnr892lsrqqmjiihqsk0bl-openssl-3.6.0-debug"
            },
            {
              "name": "dev",
              "path": "/nix/store/pq8b7fb3282g68pmk14mbyi20qn6chid-openssl-3.6.0-dev"
            },
            {
              "name": "doc",
              "path": "/nix/store/vaplp6w56dyz38986bgkf0pbg3r486b2-openssl-3.6.0-doc"
            },
            {
              "name": "out",
              "path": "/nix/store/nj50gkyx813dxvfmsg1q8m330hmf3h86-openssl-3.6.0"
            }
          ],
          "store_path": "/nix/store/wb6q44n9kcb5acmaa4rgqsajadx1fhhl-openssl-3.6.0-bin"
        },
        "x86_64-darwin": {
          "outputs": [
            {
              "name": "bin",
              "path": "/nix/store/m3xwn9n0jypwjgi256idfzs979g30j29-openssl-3.6.0-bin",
              "default": true
            },
            {
              "name": "man",
              "path": "/nix/store/hw43f3y1vl7ydrd4samnwnrwqqwkpisv-openssl-3.6.0-man",
              "default": true
            },
            {
              "name": "dev",
              "path": "/nix/store/dirjrfjk8jgsbdpslgb51cav6qaxn2vm-openssl-3.6.0-dev"
            },
            {
              "name": "doc",
              "path": "/nix/store/va1zhkz0nfmycvd0h239hi4w40qgaxcx-openssl-3.6.0-doc"
            },
            {
              "name": "out",
              "path": "/nix/store/q9a4wssx24xsy28w8kifdqizc01fh7sc-openssl-3.6.0"
            }
          ],
          "store_path": "/nix/store/m3xwn9n0jypwjgi256idfzs979g30j29-openssl-3.6.0-bin"
        },
        "x86_64-linux": {
          "outputs": [
            {
              "name": "bin",
              "path": "/nix/store/k0gl1zc7f5hk87lylxwbipb0b870bcmk-openssl-3.6.0-bin",
              "default": true
            },
            {
              "name": "man",
              "path": "/nix/store/a9jdl6xq9fc98ykpvqmc9kf0b0j9y8wh-openssl-3.6.0-man",
              "default": true
            },
            {
              "name": "debug",
              "path": "/nix/store/sqv8kbdgfxlr2d6nysr8c2715qpsi6f5-openssl-3.6.0-debug"
            },
            {
              "name": "dev",
              "path": "/nix/store/ydrckgnllgg8nmhdwni81h7xhcpnrlhd-openssl-3.6.0-dev"
            },
            {
              "name": "doc",
              "path": "/nix/store/cgp9ig35iwicfb9spcrgyg2m5dmlcgrv-openssl-3.6.0-doc"
            },
            {
              "name": "out",
              "path": "/nix/store/61i74yjkj9p1qphfl7018ja4sdwkipx0-openssl-3.6.0"
            }
          ],
          "store_path": "/nix/store/k0gl1zc7f5hk87lylxwbipb0b870bcmk-openssl-3.6.0-bin"
        }
      }
    },
    "pkg-config@latest": {
      "last_modified": "2025-11-23T21:50:36Z",
      "resolved": "github:NixOS/nixpkgs/ee09932cedcef15aaf476f9343d1dea2cb77e261#pkg-config",
      "source": "devbox-search",
      "version": "0.29.2",
      "systems": {
        "aarch64-darwin": {
          "outputs": [
            {
              "name": "out",
              "path": "/nix/store/hygaaqwk9ylklp0ybwppqhw75nz8ya41-pkg-config-wrapper-0.29.2",
              "default": true
            },
            {
              "name": "man",
              "path": "/nix/store/9px0sji43x3r2w4zxl3j3idwsql7lwxx-pkg-config-wrapper-0.29.2-man",
              "default": true
            },
            {
              "name": "doc",
              "path": "/nix/store/hqk44ra6qxw7iixardl6c3hdgb9kq6ns-pkg-config-wrapper-0.29.2-doc"
            }
          ],
          "store_path": "/nix/store/hygaaqwk9ylklp0ybwppqhw75nz8ya41-pkg-config-wrapper-0.29.2"
        },
        "aarch64-linux": {
          "outputs": [
            {
              "name": "out",
              "path": "/nix/store/lbiigi8qbp7mzf1lpr7p982l1kyf01ql-pkg-config-wrapper-0.29.2",
              "default": true
            },
            {
              "name": "man",
              "path": "/nix/store/10060k24qggqyzlwdsfmni9y32zxcg0j-pkg-config-wrapper-0.29.2-man",
              "default": true
            },
            {
              "name": "doc",
              "path": "/nix/store/0y4v51ndpyvkj09hwlfqkz0c3h17zfmc-pkg-config-wrapper-0.29.2-doc"
            }
          ],
          "store_path": "/nix/store/lbiigi8qbp7mzf1lpr7p982l1kyf01ql-pkg-config-wrapper-0.29.2"
        },
        "x86_64-darwin": {
          "outputs": [
            {
              "name": "out",
              "path": "/nix/store/vknadizq0q5kffvx6y4379p9gdry9zq3-pkg-config-wrapper-0.29.2",
              "default": true
            },
            {
              "name": "man",
              "path": "/nix/store/1nyspra675q22gfhf7hn2nmfpi6rgim5-pkg-config-wrapper-0.29.2-man",
              "default": true
            },
            {
              "name": "doc",
              "path": "/nix/store/7lq1axxwrafwljs06n88bzyz9w523rkc-pkg-config-wrapper-0.29.2-doc"
            }
          ],
          "store_path": "/nix/store/vknadizq0q5kffvx6y4379p9gdry9zq3-pkg-config-wrapper-0.29.2"
        },
        "x86_64-linux": {
          "outputs": [
            {
              "name": "out",
              "path": "/nix/store/8vdiwpbh0g4avsd6x5v4s0di32vcl3dp-pkg-config-wrapper-0.29.2",
              "default": true
            },
            {
              "name": "man",
              "path": "/nix/store/j9xfpnrygg3v37svc5pfin9q5bm49r94-pkg-config-wrapper-0.29.2-man",
              "default": true
            },
            {
              "name": "doc",
              "path": "/nix/store/x3bypxdxaq20kykybhkf21x4jczsiy8y-pkg-config-wrapper-0.29.2-doc"
            }
          ],
          "store_path": "/nix/store/8vdiwpbh0g4avsd6x5v4s0di32vcl3dp-pkg-config-wrapper-0.29.2"
        }
      }
    },
    "postgresql@latest": {
      "last_modified": "2026-08-17T10:51:46Z",
      "plugin_version": "0.0.2",
      "resolved": "github:NixOS/nixpkgs/f4b6996c4e8b9ee06ce147ec344c885f51071b14#postgresql",
      "source": "devbox-search",
      "version": "18.6",
      "systems": {
        "aarch64-darwin": {
          "outputs": [
            {
              "name": "out",
              "path": "/nix/store/rzll248raqv74x8akacjm3mj9wsi2xss-postgresql-18.6",
              "default": true
            },
            {
              "name": "man",
              "path": "/nix/store/q8vlbiykrvkhjkr0735nchh7p3xpgk30-postgresql-18.6-man",
              "default": true
            },
            {
              "name": "plpython3",
              "path": "/nix/store/9bpz38676x470f3179w3fnsrkk5v4zp6-postgresql-18.6-plpython3"
            },
            {
              "name": "pltcl",
              "path": "/nix/store/2d1rjkl6vqi9d5zw69sgrhsi4nk6pyxw-postgresql-18.6-pltcl"
            },
            {
              "name": "doc",
              "path": "/nix/store/g6qh5i03k6c4hpnnqdp3mp638m4xvrf0-postgresql-18.6-doc"
            },
            {
              "name": "jit",
              "path": "/nix/store/yggacwa16dsmjyqdahy706i8sfg6pxsd-postgresql-18.6-jit"
            },
            {
              "name": "lib",
              "path": "/nix/store/v430il0ggisbc5hvpw43jj573v0v6c61-postgresql-18.6-lib"
            },
            {
              "name": "plperl",
              "path": "/nix/store/9zj86w4bbasiwlvdnmc622fvhhc82qbd-postgresql-18.6-plperl"
            },
            {
              "name": "dev",
              "path": "/nix/store/238gdhxzz073bxf9h559mxsdjka7q1d3-postgresql-18.6-dev"
            }
          ],
          "store_path": "/nix/store/rzll248raqv74x8akacjm3mj9wsi2xss-postgresql-18.6"
        },
        "aarch64-linux": {
          "outputs": [
            {
              "name": "out",
              "path": "/nix/store/c4m2ysa27imrczs9vys7qnx0q94vvcda-postgresql-18.6",
              "default": true
            },
            {
              "name": "man",
              "path": "/nix/store/98fw7w8fcr037f40kq60nwz2q1rm3x3m-postgresql-18.6-man",
              "default": true
            },
            {
              "name": "debug",
              "path": "/nix/store/0710n0fzarjbwl48nbiwmkc0h644ndm8-postgresql-18.6-debug"
            },
            {
              "name": "dev",
              "path": "/nix/store/9xqs3q9hcij4hsm3p2axg5qavdwqjc9d-postgresql-18.6-dev"
            },
            {
              "name": "lib",
              "path": "/nix/store/pp747wpxkdjh09p8vc0va8xxrpjzp0m5-postgresql-18.6-lib"
            },
            {
              "name": "plperl",
              "path": "/nix/store/7aghr3akm7wkndjl1hsy6ymhmxzl9isp-postgresql-18.6-plperl"
            },
            {
              "name": "plpython3",
              "path": "/nix/store/pa1nvsawxc0w1q0sag6hz2wg616kkdpq-postgresql-18.6-plpython3"
            },
            {
              "name": "pltcl",
              "path": "/nix/store/9chd9nbzyd3yydc7asn5s2s910rgzk2c-postgresql-18.6-pltcl"
            },
            {
              "name": "doc",
              "path": "/nix/store/5jndkanpyx70afgdxxdwrylh9zvzn3qg-postgresql-18.6-doc"
            },
            {
              "name": "jit",
              "path": "/nix/store/sh56qyjdd4jla7slx9v5db0zmqgbqyji-postgresql-18.6-jit"
            }
          ],
          "store_path": "/nix/store/c4m2ysa27imrczs9vys7qnx0q94vvcda-postgresql-18.6"
        },
        "x86_64-linux": {
          "outputs": [
            {
              "name": "out",
              "path": "/nix/store/vwph78y8l4q6fndzmd9yqgc4rln6583g-postgresql-18.6",
              "default": true
            },
            {
              "name": "man",
              "path": "/nix/store/xs8js5adnq52km4bcwfmfdn3765lhsnx-postgresql-18.6-man",
              "default": true
            },
            {
              "name": "pltcl",
              "path": "/nix/store/k5y2z2frkv17bx0g5a1jmw0wl41gg6nb-postgresql-18.6-pltcl"
            },
            {
              "name": "debug",
              "path": "/nix/store/b8r7j5qvl62jrkk4snq395rmg4gysaqi-postgresql-18.6-debug"
            },
            {
              "name": "doc",
              "path": "/nix/store/gi4rpx34qdb172qxf7dyq3ch8pc9izdh-postgresql-18.6-doc"
            },
            {
              "name": "lib",
              "path": "/nix/store/852zxhs99dl4l4kmj2agzj675m3hj893-postgresql-18.6-lib"
            },
            {
              "name": "plperl",
              "path": "/nix/store/h8drz9xb0wrcr162f1jnrz1vxi2gki69-postgresql-18.6-plperl"
            },
            {
              "name": "plpython3",
              "path": "/nix/store/lfygixrc4f60wc0y02g28ivgsd86ix32-postgresql-18.6-plpython3"
            },
            {
              "name": "dev",
              "path": "/nix/store/5cxfjfpl6j7salnzxi5z9znk230wnk6a-postgresql-18.6-dev"
            },
            {
              "name": "jit",
              "path": "/nix/store/ic5sr6rv7dj2nhr2pwjnpcf1hzyjmh05-postgresql-18.6-jit"
            }
          ],
          "store_path": "/nix/store/vwph78y8l4q6fndzmd9yqgc4rln6583g-postgresql-18.6"
        }
      }
    },
    "ruby@3.4.8": {
      "last_modified": "2026-04-16T08:46:55Z",
      "plugin_version": "0.0.2",
      "resolved": "github:NixOS/nixpkgs/b86751bc4085f48661017fa226dee99fab6c651b#ruby",
      "source": "devbox-search",
      "version": "3.4.8",
      "systems": {
        "aarch64-darwin": {
          "outputs": [
            {
              "name": "out",
              "path": "/nix/store/88sazm3fj9kabg4pxmnjc53cx0syp8fk-ruby-3.4.8",
              "default": true
            },
            {
              "name": "devdoc",
              "path": "/nix/store/mk7a50jsk138apqrnlzc077cik8cr47m-ruby-3.4.8-devdoc"
            }
          ],
          "store_path": "/nix/store/88sazm3fj9kabg4pxmnjc53cx0syp8fk-ruby-3.4.8"
        },
        "aarch64-linux": {
          "outputs": [
            {
              "name": "out",
              "path": "/nix/store/rpcpk0lxd8iliza4nl9apsgrpsb2yk4d-ruby-3.4.8",
              "default": true
            },
            {
              "name": "devdoc",
              "path": "/nix/store/9wnq7dd2yw2lbjs69y19lm08ranqa930-ruby-3.4.8-devdoc"
            }
          ],
          "store_path": "/nix/store/rpcpk0lxd8iliza4nl9apsgrpsb2yk4d-ruby-3.4.8"
        },
        "x86_64-darwin": {
          "outputs": [
            {
              "name": "out",
              "path": "/nix/store/gq0vdqfz16vf64ip8p749rmygxd7n3x1-ruby-3.4.8",
              "default": true
            },
            {
              "name": "devdoc",
              "path": "/nix/store/k3yn26wvgk4mfrd5nw4a23wnijd9hz6c-ruby-3.4.8-devdoc"
            }
          ],
          "store_path": "/nix/store/gq0vdqfz16vf64ip8p749rmygxd7n3x1-ruby-3.4.8"
        },
        "x86_64-linux": {
          "outputs": [
            {
              "name": "out",
              "path": "/nix/store/s57rf37r1i38kpm3nlv4h8f8z2w2n80d-ruby-3.4.8",
              "default": true
            },
            {
              "name": "devdoc",
              "path": "/nix/store/4k6c15chplw6cicc6f3lgzmi7i4792j6-ruby-3.4.8-devdoc"
            }
          ],
          "store_path": "/nix/store/s57rf37r1i38kpm3nlv4h8f8z2w2n80d-ruby-3.4.8"
        }
      }
    },
    "yarn@1.22.10": {
      "last_modified": "2021-08-01T02:58:48Z",
      "resolved": "github:NixOS/nixpkgs/404cd360c2607bcfe8d05a7d5ae609d6605f7e22#yarn",
      "source": "devbox-search",
      "version": "1.22.10"
    },
    "zlib@latest": {
      "last_modified": "2026-08-16T05:26:56Z",
      "resolved": "github:NixOS/nixpkgs/54ba4bcec4043e72a4006d825e0d7aff5562008f#zlib",
      "source": "devbox-search",
      "version": "1.3.2",
      "systems": {
        "aarch64-darwin": {
          "outputs": [
            {
              "name": "out",
              "path": "/nix/store/04jn5rzj03wm6nv227fbvnxqx2pidins-zlib-1.3.2",
              "default": true
            },
            {
              "name": "dev",
              "path": "/nix/store/ljgbn19vzyvgckcgfvlin9zybffwjx9c-zlib-1.3.2-dev"
            },
            {
              "name": "static",
              "path": "/nix/store/ix48lfb7f9kpc69ar5ykj5ff0zwmfzsn-zlib-1.3.2-static"
            }
          ],
          "store_path": "/nix/store/04jn5rzj03wm6nv227fbvnxqx2pidins-zlib-1.3.2"
        },
        "aarch64-linux": {
          "outputs": [
            {
              "name": "out",
              "path": "/nix/store/3v2w5hdrpzwx3w8svda35lyrq9jwqbc8-zlib-1.3.2",
              "default": true
            },
            {
              "name": "dev",
              "path": "/nix/store/cs4qdrs4wvw71gyqkgslcq0yp4g79gpd-zlib-1.3.2-dev"
            },
            {
              "name": "static",
              "path": "/nix/store/abnig2yjbzhisw59m8ann9kwlv3v027a-zlib-1.3.2-static"
            }
          ],
          "store_path": "/nix/store/3v2w5hdrpzwx3w8svda35lyrq9jwqbc8-zlib-1.3.2"
        },
        "x86_64-darwin": {
          "outputs": [
            {
              "name": "out",
              "path": "/nix/store/lgmvxlc60lb5fb3g94qalzkymnba3gl6-zlib-1.3.2",
              "default": true
            },
            {
              "name": "dev",
              "path": "/nix/store/ymzh9g7gh3216by85q08lphgk8b613pm-zlib-1.3.2-dev"
            },
            {
              "name": "static",
              "path": "/nix/store/n8kq8d2aqc2m99micz5lxxmlvihmx1ig-zlib-1.3.2-static"
            }
          ],
          "store_path": "/nix/store/lgmvxlc60lb5fb3g94qalzkymnba3gl6-zlib-1.3.2"
        },
        "x86_64-linux": {
          "outputs": [
            {
              "name": "out",
              "path": "/nix/store/zks9mfsn4rqr6z9g6pcj2xqzcsplj0nb-zlib-1.3.2",
              "default": true
            },
            {
              "name": "dev",
              "path": "/nix/store/dfb5jybg1sakjy1zahpgrxfqmz5rfwmc-zlib-1.3.2-dev"
            },
            {
              "name": "static",
              "path": "/nix/store/0c5qg74fw50vz6scy5dn2zm6h2bvsscn-zlib-1.3.2-static"
            }
          ],
          "store_path": "/nix/store/zks9mfsn4rqr6z9g6pcj2xqzcsplj0nb-zlib-1.3.2"
        }
      }
    },
    "zsh@latest": {
      "last_modified": "2026-08-14T15:04:01Z",
      "resolved": "github:NixOS/nixpkgs/8be7bd0c83f12e2e3bbba07c9044d6fed9e66f7f#zsh",
      "source": "devbox-search",
      "version": "5.9.2",
      "systems": {
        "aarch64-darwin": {
          "outputs": [
            {
              "name": "out",
              "path": "/nix/store/ibgzazi9d60sj820zwca4fffpp1f5ahq-zsh-5.9.2",
              "default": true
            },
            {
              "name": "man",
              "path": "/nix/store/49x0brsz7f6k83frna05ww1fqlaf732w-zsh-5.9.2-man",
              "default": true
            },
            {
              "name": "doc",
              "path": "/nix/store/13zqpmr5g98vywaa09fdljid5h73yabp-zsh-5.9.2-doc"
            },
            {
              "name": "info",
              "path": "/nix/store/yffgh2nhi6xkxqsswib0kv7a3ahqpajy-zsh-5.9.2-info"
            }
          ],
          "store_path": "/nix/store/ibgzazi9d60sj820zwca4fffpp1f5ahq-zsh-5.9.2"
        },
        "aarch64-linux": {
          "outputs": [
            {
              "name": "out",
              "path": "/nix/store/ciibch296bcqk7ylgas89444afcxsw22-zsh-5.9.2",
              "default": true
            },
            {
              "name": "man",
              "path": "/nix/store/cgcaslczaxg8s8082l9dmxkyi8y7cfkh-zsh-5.9.2-man",
              "default": true
            },
            {
              "name": "doc",
              "path": "/nix/store/md6sh1cbqg6a0ys4jdpzhncxsqq6h8kr-zsh-5.9.2-doc"
            },
            {
              "name": "info",
              "path": "/nix/store/b67m39s57fbish7vhjhyck1f2j337war-zsh-5.9.2-info"
            }
          ],
          "store_path": "/nix/store/ciibch296bcqk7ylgas89444afcxsw22-zsh-5.9.2"
        },
        "x86_64-linux": {
          "outputs": [
            {
              "name": "out",
              "path": "/nix/store/8aprjbczx0admjfd7zrjafk236zib0mv-zsh-5.9.2",
              "default": true
            },
            {
              "name": "man",
              "path": "/nix/store/3iqng4wd1ads2jw10bng8pkvl2nk2s9r-zsh-5.9.2-man",
              "default": true
            },
            {
              "name": "doc",
              "path": "/nix/store/2hp45q7h3p3g5110is7hgi41hbinchdb-zsh-5.9.2-doc"
            },
            {
              "name": "info",
              "path": "/nix/store/p8f3h886z7qdaqxj29dy04swkhw3wz3h-zsh-5.9.2-info"
            }
          ],
          "store_path": "/nix/store/8aprjbczx0admjfd7zrjafk236zib0mv-zsh-5.9.2"
        }
      }
    }
  }
}
