{
  "lockfile_version": "1",
  "packages": {
    "bash@latest": {
      "last_modified": "2026-05-06T12:40:13Z",
      "resolved": "github:NixOS/nixpkgs/07800bee2b362f6c73fe17cb1593a260c5e183c6#bash",
      "source": "devbox-search",
      "version": "5.3p9",
      "systems": {
        "aarch64-darwin": {
          "outputs": [
            {
              "name": "out",
              "path": "/nix/store/in4yc03diyvs2n2wgf3nva4hbvml8v1j-bash-interactive-5.3p9",
              "default": true
            },
            {
              "name": "man",
              "path": "/nix/store/1gjr5smhr73ya2bnvjr55ik4w8l9za9m-bash-interactive-5.3p9-man",
              "default": true
            },
            {
              "name": "dev",
              "path": "/nix/store/6wxmagb455g12diam7bf305f5qs6j0pb-bash-interactive-5.3p9-dev"
            },
            {
              "name": "doc",
              "path": "/nix/store/vmqw6a17fkxb0h7cdkwwayv4zcr7ilrh-bash-interactive-5.3p9-doc"
            },
            {
              "name": "info",
              "path": "/nix/store/2y400c3b7xxqaw7z9javmgzivb7p79dx-bash-interactive-5.3p9-info"
            }
          ],
          "store_path": "/nix/store/in4yc03diyvs2n2wgf3nva4hbvml8v1j-bash-interactive-5.3p9"
        },
        "aarch64-linux": {
          "outputs": [
            {
              "name": "out",
              "path": "/nix/store/kqh7aw6sj1b0kzfkx2fxm8ij4lkc0735-bash-interactive-5.3p9",
              "default": true
            },
            {
              "name": "man",
              "path": "/nix/store/pqjf0sh448pfbnznf358c5shnz8gj9a3-bash-interactive-5.3p9-man",
              "default": true
            },
            {
              "name": "debug",
              "path": "/nix/store/ds70877s3ssafag7acjv694m8sjg3rjj-bash-interactive-5.3p9-debug"
            },
            {
              "name": "dev",
              "path": "/nix/store/af91fyhrr83yjmv0hvmg8qwllw3qk5mg-bash-interactive-5.3p9-dev"
            },
            {
              "name": "doc",
              "path": "/nix/store/kna8sq16gxiw9qx5xnyd73l07pn7fymd-bash-interactive-5.3p9-doc"
            },
            {
              "name": "info",
              "path": "/nix/store/8fx6ic9ajwmsyg5afrgyjpks2r2ibabp-bash-interactive-5.3p9-info"
            }
          ],
          "store_path": "/nix/store/kqh7aw6sj1b0kzfkx2fxm8ij4lkc0735-bash-interactive-5.3p9"
        },
        "x86_64-darwin": {
          "outputs": [
            {
              "name": "out",
              "path": "/nix/store/7i5gfqa19rj4sydhl2rbb6spcisis1c9-bash-interactive-5.3p9",
              "default": true
            },
            {
              "name": "man",
              "path": "/nix/store/k48vfj52w13xhqfs8rjkk25k5ian1xzs-bash-interactive-5.3p9-man",
              "default": true
            },
            {
              "name": "dev",
              "path": "/nix/store/a5jlanqwr330df9f7wj231zwls57b2w9-bash-interactive-5.3p9-dev"
            },
            {
              "name": "doc",
              "path": "/nix/store/r32ymasfy6z5x0394hgifkfcqj175d4h-bash-interactive-5.3p9-doc"
            },
            {
              "name": "info",
              "path": "/nix/store/syfrnwhbm2zlyilq14ks773h0yjrj5jc-bash-interactive-5.3p9-info"
            }
          ],
          "store_path": "/nix/store/7i5gfqa19rj4sydhl2rbb6spcisis1c9-bash-interactive-5.3p9"
        },
        "x86_64-linux": {
          "outputs": [
            {
              "name": "out",
              "path": "/nix/store/4bwbk4an4bx7cb8xwffghvjjyfyl7m2i-bash-interactive-5.3p9",
              "default": true
            },
            {
              "name": "man",
              "path": "/nix/store/arys3dnblxv60q8b575scyd6b97s0yzi-bash-interactive-5.3p9-man",
              "default": true
            },
            {
              "name": "doc",
              "path": "/nix/store/ycaqnajbv2sb0hi0cm5hsg5ri8ywih7x-bash-interactive-5.3p9-doc"
            },
            {
              "name": "info",
              "path": "/nix/store/cg59l95m74xywr3y3px4iir4jw09a3rp-bash-interactive-5.3p9-info"
            },
            {
              "name": "debug",
              "path": "/nix/store/5lz4ynx0dvpx4rlq3h7ab82hbbkmfhp8-bash-interactive-5.3p9-debug"
            },
            {
              "name": "dev",
              "path": "/nix/store/5bs057cgp4nxqff22jg0k1svs121z6a8-bash-interactive-5.3p9-dev"
            }
          ],
          "store_path": "/nix/store/4bwbk4an4bx7cb8xwffghvjjyfyl7m2i-bash-interactive-5.3p9"
        }
      }
    },
    "git@latest": {
      "last_modified": "2026-04-23T13:07:47Z",
      "resolved": "github:NixOS/nixpkgs/01fbdeef22b76df85ea168fbfe1bfd9e63681b30#git",
      "source": "devbox-search",
      "version": "2.53.0",
      "systems": {
        "aarch64-darwin": {
          "outputs": [
            {
              "name": "out",
              "path": "/nix/store/5y6cp247hspkqa7pp6cbc4540ygx0249-git-2.53.0",
              "default": true
            },
            {
              "name": "doc",
              "path": "/nix/store/0kjpgj1grgba239ykdnv1cjc61xqk3aa-git-2.53.0-doc"
            }
          ],
          "store_path": "/nix/store/5y6cp247hspkqa7pp6cbc4540ygx0249-git-2.53.0"
        },
        "aarch64-linux": {
          "outputs": [
            {
              "name": "out",
              "path": "/nix/store/gx9r7g2kyrjhh0zhgxz91f5nbczxh1ac-git-2.53.0",
              "default": true
            },
            {
              "name": "doc",
              "path": "/nix/store/q8j5mwix1g75xyq025d3hmringklm52z-git-2.53.0-doc"
            },
            {
              "name": "debug",
              "path": "/nix/store/rc56a3l2wby94gk9gvirpwi9hv9v15gi-git-2.53.0-debug"
            }
          ],
          "store_path": "/nix/store/gx9r7g2kyrjhh0zhgxz91f5nbczxh1ac-git-2.53.0"
        },
        "x86_64-darwin": {
          "outputs": [
            {
              "name": "out",
              "path": "/nix/store/zar16r8w28c6qjdh3xqnkjcmvjjqwi77-git-2.53.0",
              "default": true
            },
            {
              "name": "doc",
              "path": "/nix/store/9jcm7zadfi5wsic3kizs4x71a8dqlj83-git-2.53.0-doc"
            }
          ],
          "store_path": "/nix/store/zar16r8w28c6qjdh3xqnkjcmvjjqwi77-git-2.53.0"
        },
        "x86_64-linux": {
          "outputs": [
            {
              "name": "out",
              "path": "/nix/store/c0277k5giric1mn9dklllavbzvxl6hzb-git-2.53.0",
              "default": true
            },
            {
              "name": "debug",
              "path": "/nix/store/qyqya20z59d164d6692hlyb9pkq10ykk-git-2.53.0-debug"
            },
            {
              "name": "doc",
              "path": "/nix/store/vv1ap6qaxdzpa4jqg71myxh5wcvnlqv8-git-2.53.0-doc"
            }
          ],
          "store_path": "/nix/store/c0277k5giric1mn9dklllavbzvxl6hzb-git-2.53.0"
        }
      }
    },
    "github:NixOS/nixpkgs/nixpkgs-unstable": {
      "last_modified": "2026-05-11T00:16:55Z",
      "resolved": "github:NixOS/nixpkgs/c6e5ca3c836a5f4dd9af9f2c1fc1c38f0fac988a?lastModified=1778458615"
    },
    "nodejs@24": {
      "last_modified": "2025-12-27T12:56:01Z",
      "plugin_version": "0.0.2",
      "resolved": "github:NixOS/nixpkgs/3edc4a30ed3903fdf6f90c837f961fa6b49582d1#nodejs_24",
      "source": "devbox-search",
      "version": "24.12.0",
      "systems": {
        "aarch64-darwin": {
          "outputs": [
            {
              "name": "out",
              "path": "/nix/store/b1h0af3yb3z9jz048phclcqw6ihiww67-nodejs-24.12.0",
              "default": true
            },
            {
              "name": "dev",
              "path": "/nix/store/ksn4nj0nbp0ikmh4scy9x4biqqdswwhy-nodejs-24.12.0-dev"
            },
            {
              "name": "libv8",
              "path": "/nix/store/3x72bm7l30ib7l7cximrp0sklcq8jqwy-nodejs-24.12.0-libv8"
            }
          ],
          "store_path": "/nix/store/b1h0af3yb3z9jz048phclcqw6ihiww67-nodejs-24.12.0"
        },
        "aarch64-linux": {
          "outputs": [
            {
              "name": "out",
              "path": "/nix/store/9jfsyhcr9c6rpm94lrkibv75jkggvwss-nodejs-24.12.0",
              "default": true
            },
            {
              "name": "dev",
              "path": "/nix/store/7izhv9x1yvsmyrhmmyps6bxjjclajm80-nodejs-24.12.0-dev"
            },
            {
              "name": "libv8",
              "path": "/nix/store/8hl74pnc1qyz68rg10ixw7fz32hcxqkk-nodejs-24.12.0-libv8"
            }
          ],
          "store_path": "/nix/store/9jfsyhcr9c6rpm94lrkibv75jkggvwss-nodejs-24.12.0"
        },
        "x86_64-darwin": {
          "outputs": [
            {
              "name": "out",
              "path": "/nix/store/cj1243xswxvnwgifyiyg8axhn0r2vl48-nodejs-24.12.0",
              "default": true
            },
            {
              "name": "dev",
              "path": "/nix/store/kzia3rkaf9vwpn3py23q9v49jpjm6zx7-nodejs-24.12.0-dev"
            },
            {
              "name": "libv8",
              "path": "/nix/store/xszji81xj7ghjhz7jk0jkhb84nfwyd8f-nodejs-24.12.0-libv8"
            }
          ],
          "store_path": "/nix/store/cj1243xswxvnwgifyiyg8axhn0r2vl48-nodejs-24.12.0"
        },
        "x86_64-linux": {
          "outputs": [
            {
              "name": "out",
              "path": "/nix/store/9z1v3wyrxp6fpyzw21lcakd5w7aknzyc-nodejs-24.12.0",
              "default": true
            },
            {
              "name": "libv8",
              "path": "/nix/store/5yvx909wlis13qd2y1ahwl7ij21ma69a-nodejs-24.12.0-libv8"
            },
            {
              "name": "dev",
              "path": "/nix/store/7ll99p08gmpg0n048669p80zjibl5akr-nodejs-24.12.0-dev"
            }
          ],
          "store_path": "/nix/store/9z1v3wyrxp6fpyzw21lcakd5w7aknzyc-nodejs-24.12.0"
        }
      }
    },
    "pkg-config@latest": {
      "last_modified": "2025-11-23T21:50:36Z",
      "resolved": "github:NixOS/nixpkgs/ee09932cedcef15aaf476f9343d1dea2cb77e261#pkg-config",
      "source": "devbox-search",
      "version": "0.29.2",
      "systems": {
        "aarch64-darwin": {
          "outputs": [
            {
              "name": "out",
              "path": "/nix/store/hygaaqwk9ylklp0ybwppqhw75nz8ya41-pkg-config-wrapper-0.29.2",
              "default": true
            },
            {
              "name": "man",
              "path": "/nix/store/9px0sji43x3r2w4zxl3j3idwsql7lwxx-pkg-config-wrapper-0.29.2-man",
              "default": true
            },
            {
              "name": "doc",
              "path": "/nix/store/hqk44ra6qxw7iixardl6c3hdgb9kq6ns-pkg-config-wrapper-0.29.2-doc"
            }
          ],
          "store_path": "/nix/store/hygaaqwk9ylklp0ybwppqhw75nz8ya41-pkg-config-wrapper-0.29.2"
        },
        "aarch64-linux": {
          "outputs": [
            {
              "name": "out",
              "path": "/nix/store/lbiigi8qbp7mzf1lpr7p982l1kyf01ql-pkg-config-wrapper-0.29.2",
              "default": true
            },
            {
              "name": "man",
              "path": "/nix/store/10060k24qggqyzlwdsfmni9y32zxcg0j-pkg-config-wrapper-0.29.2-man",
              "default": true
            },
            {
              "name": "doc",
              "path": "/nix/store/0y4v51ndpyvkj09hwlfqkz0c3h17zfmc-pkg-config-wrapper-0.29.2-doc"
            }
          ],
          "store_path": "/nix/store/lbiigi8qbp7mzf1lpr7p982l1kyf01ql-pkg-config-wrapper-0.29.2"
        },
        "x86_64-darwin": {
          "outputs": [
            {
              "name": "out",
              "path": "/nix/store/vknadizq0q5kffvx6y4379p9gdry9zq3-pkg-config-wrapper-0.29.2",
              "default": true
            },
            {
              "name": "man",
              "path": "/nix/store/1nyspra675q22gfhf7hn2nmfpi6rgim5-pkg-config-wrapper-0.29.2-man",
              "default": true
            },
            {
              "name": "doc",
              "path": "/nix/store/7lq1axxwrafwljs06n88bzyz9w523rkc-pkg-config-wrapper-0.29.2-doc"
            }
          ],
          "store_path": "/nix/store/vknadizq0q5kffvx6y4379p9gdry9zq3-pkg-config-wrapper-0.29.2"
        },
        "x86_64-linux": {
          "outputs": [
            {
              "name": "out",
              "path": "/nix/store/8vdiwpbh0g4avsd6x5v4s0di32vcl3dp-pkg-config-wrapper-0.29.2",
              "default": true
            },
            {
              "name": "man",
              "path": "/nix/store/j9xfpnrygg3v37svc5pfin9q5bm49r94-pkg-config-wrapper-0.29.2-man",
              "default": true
            },
            {
              "name": "doc",
              "path": "/nix/store/x3bypxdxaq20kykybhkf21x4jczsiy8y-pkg-config-wrapper-0.29.2-doc"
            }
          ],
          "store_path": "/nix/store/8vdiwpbh0g4avsd6x5v4s0di32vcl3dp-pkg-config-wrapper-0.29.2"
        }
      }
    },
    "ruby@3.4.1": {
      "last_modified": "2025-02-23T09:42:26Z",
      "plugin_version": "0.0.2",
      "resolved": "github:NixOS/nixpkgs/2d068ae5c6516b2d04562de50a58c682540de9bf#ruby_3_4",
      "source": "devbox-search",
      "version": "3.4.1",
      "systems": {
        "aarch64-darwin": {
          "outputs": [
            {
              "name": "out",
              "path": "/nix/store/yi1vniynyfl33c2kmly0cxkn80nan4fj-ruby-3.4.1",
              "default": true
            },
            {
              "name": "devdoc",
              "path": "/nix/store/0bqc8pvw1vi5sf5mkbx97apa8xp1dzrr-ruby-3.4.1-devdoc"
            }
          ],
          "store_path": "/nix/store/yi1vniynyfl33c2kmly0cxkn80nan4fj-ruby-3.4.1"
        },
        "aarch64-linux": {
          "outputs": [
            {
              "name": "out",
              "path": "/nix/store/5nb3lnz366na2h37vpdqynh5r7f8cnr8-ruby-3.4.1",
              "default": true
            },
            {
              "name": "devdoc",
              "path": "/nix/store/497c9gmigvygvw51miqc764vhv8sz73n-ruby-3.4.1-devdoc"
            }
          ],
          "store_path": "/nix/store/5nb3lnz366na2h37vpdqynh5r7f8cnr8-ruby-3.4.1"
        },
        "x86_64-darwin": {
          "outputs": [
            {
              "name": "out",
              "path": "/nix/store/wmynidx3p9mywb9pszslyxa1ml083l36-ruby-3.4.1",
              "default": true
            },
            {
              "name": "devdoc",
              "path": "/nix/store/60fpqj46qmhajpaidqmq71xm0cbayj6j-ruby-3.4.1-devdoc"
            }
          ],
          "store_path": "/nix/store/wmynidx3p9mywb9pszslyxa1ml083l36-ruby-3.4.1"
        },
        "x86_64-linux": {
          "outputs": [
            {
              "name": "out",
              "path": "/nix/store/sppz8mrns0gpdb40vd4a3pp25nxlz8j6-ruby-3.4.1",
              "default": true
            },
            {
              "name": "devdoc",
              "path": "/nix/store/mhk89rhajkkx5p5q4i5qjlqj75vv86rn-ruby-3.4.1-devdoc"
            }
          ],
          "store_path": "/nix/store/sppz8mrns0gpdb40vd4a3pp25nxlz8j6-ruby-3.4.1"
        }
      }
    },
    "yarn@latest": {
      "last_modified": "2026-04-23T13:07:47Z",
      "resolved": "github:NixOS/nixpkgs/01fbdeef22b76df85ea168fbfe1bfd9e63681b30#yarn",
      "source": "devbox-search",
      "version": "1.22.22",
      "systems": {
        "aarch64-darwin": {
          "outputs": [
            {
              "name": "out",
              "path": "/nix/store/mv0c99igkh2hs9rcp6xq7473ws901byw-yarn-1.22.22",
              "default": true
            }
          ],
          "store_path": "/nix/store/mv0c99igkh2hs9rcp6xq7473ws901byw-yarn-1.22.22"
        },
        "aarch64-linux": {
          "outputs": [
            {
              "name": "out",
              "path": "/nix/store/6763b92297klnng7k1g7n93i09rbffxi-yarn-1.22.22",
              "default": true
            }
          ],
          "store_path": "/nix/store/6763b92297klnng7k1g7n93i09rbffxi-yarn-1.22.22"
        },
        "x86_64-darwin": {
          "outputs": [
            {
              "name": "out",
              "path": "/nix/store/qfva5zmyh99x2vi5axlxk3hncyfwbzmj-yarn-1.22.22",
              "default": true
            }
          ],
          "store_path": "/nix/store/qfva5zmyh99x2vi5axlxk3hncyfwbzmj-yarn-1.22.22"
        },
        "x86_64-linux": {
          "outputs": [
            {
              "name": "out",
              "path": "/nix/store/cmj87b2g1l41mg311w5s68dl4s7c1g1z-yarn-1.22.22",
              "default": true
            }
          ],
          "store_path": "/nix/store/cmj87b2g1l41mg311w5s68dl4s7c1g1z-yarn-1.22.22"
        }
      }
    },
    "zlib@latest": {
      "last_modified": "2026-05-07T03:23:16Z",
      "resolved": "github:NixOS/nixpkgs/68a8af93ff4297686cb68880845e61e5e2e41d92#zlib",
      "source": "devbox-search",
      "version": "1.3.2",
      "systems": {
        "aarch64-darwin": {
          "outputs": [
            {
              "name": "out",
              "path": "/nix/store/5xsgmqydvmfj1cafcv32pyf2mvm0ix89-zlib-1.3.2",
              "default": true
            },
            {
              "name": "static",
              "path": "/nix/store/0q24810a42m8kn1n01i49w451g4rxzjb-zlib-1.3.2-static"
            },
            {
              "name": "dev",
              "path": "/nix/store/70mlrvqbsfkh41y2vwdqz6z5y357g2as-zlib-1.3.2-dev"
            }
          ],
          "store_path": "/nix/store/5xsgmqydvmfj1cafcv32pyf2mvm0ix89-zlib-1.3.2"
        },
        "aarch64-linux": {
          "outputs": [
            {
              "name": "out",
              "path": "/nix/store/n0ymm4jicmgvwpwmfdz15ir9wwq0lhnl-zlib-1.3.2",
              "default": true
            },
            {
              "name": "dev",
              "path": "/nix/store/amydbx6h0hrxbhf1wc0c7aic779vzp0s-zlib-1.3.2-dev"
            },
            {
              "name": "static",
              "path": "/nix/store/59gyxh65y2zzyinzmwbb2b0d3jgjfsbq-zlib-1.3.2-static"
            }
          ],
          "store_path": "/nix/store/n0ymm4jicmgvwpwmfdz15ir9wwq0lhnl-zlib-1.3.2"
        },
        "x86_64-darwin": {
          "outputs": [
            {
              "name": "out",
              "path": "/nix/store/f0gr9wn3pkmyv5fqdh3y725wxkrn5g0m-zlib-1.3.2",
              "default": true
            },
            {
              "name": "static",
              "path": "/nix/store/j49cq6vbq8jqa2b1bph5g8dz6y3lpwld-zlib-1.3.2-static"
            },
            {
              "name": "dev",
              "path": "/nix/store/3gb45cq39q6b275dxc82ddixajx9n7ry-zlib-1.3.2-dev"
            }
          ],
          "store_path": "/nix/store/f0gr9wn3pkmyv5fqdh3y725wxkrn5g0m-zlib-1.3.2"
        },
        "x86_64-linux": {
          "outputs": [
            {
              "name": "out",
              "path": "/nix/store/ixhlv41i2wpl84xgjcks061dz4yssbg3-zlib-1.3.2",
              "default": true
            },
            {
              "name": "dev",
              "path": "/nix/store/3yl2s5r3yph88imzbgbdrh8pbs9rcjcs-zlib-1.3.2-dev"
            },
            {
              "name": "static",
              "path": "/nix/store/yi9yjrv3bv63z0s08f06rkvbr28vkpyw-zlib-1.3.2-static"
            }
          ],
          "store_path": "/nix/store/ixhlv41i2wpl84xgjcks061dz4yssbg3-zlib-1.3.2"
        }
      }
    }
  }
}
